{
  "object": {
    "pins": [
      {
        "package": "swift-argument-parser",
        "repositoryURL": "https://github.com/apple/swift-argument-parser",
        "state": {
          "branch": null,
          "revision": "15351c1cd009eba0b6e438bfef55ea9847a8dc4a",
          "version": "0.3.0"
        }
      },
      {
        "package": "Benchmark",
        "repositoryURL": "https://github.com/google/swift-benchmark.git",
        "state": {
          "branch": "master",
          "revision": "f70bf472b00aeaa05e2374373568c2fe459c11c7",
          "version": null
        }
      }
    ]
  },
  "version": 1
}
